
Microsoft Visual Studio Solution File, Format Version 12.00
# Visual Studio Version 17
VisualStudioVersion = 17.0.31912.275
MinimumVisualStudioVersion = 10.0.40219.1
Project("{FAE04EC0-301F-11D3-BF4B-00C04F79EFBC}") = "MVC(crud)", "MVC(crud).csproj", "{CADE0248-5AB8-41D9-A9D7-09021D6853D6}"
EndProject
Global
	GlobalSection(SolutionConfigurationPlatforms) = preSolution
		Debug|Any CPU = Debug|Any CPU
		Release|Any CPU = Release|Any CPU
	EndGlobalSection
	GlobalSection(ProjectConfigurationPlatforms) = postSolution
		{CADE0248-5AB8-41D9-A9D7-09021D6853D6}.Debug|Any CPU.ActiveCfg = Debug|Any CPU
		{CADE0248-5AB8-41D9-A9D7-09021D6853D6}.Debug|Any CPU.Build.0 = Debug|Any CPU
		{CADE0248-5AB8-41D9-A9D7-09021D6853D6}.Release|Any CPU.ActiveCfg = Release|Any CPU
		{CADE0248-5AB8-41D9-A9D7-09021D6853D6}.Release|Any CPU.Build.0 = Release|Any CPU
	EndGlobalSection
	GlobalSection(SolutionProperties) = preSolution
		HideSolutionNode = FALSE
	EndGlobalSection
	GlobalSection(ExtensibilityGlobals) = postSolution
		SolutionGuid = {6D48EC53-C937-4776-95AC-5359BF5BEAB5}
	EndGlobalSection
EndGlobal
