
Microsoft Visual Studio Solution File, Format Version 12.00
# Visual Studio Version 17
VisualStudioVersion = 17.0.31912.275
MinimumVisualStudioVersion = 10.0.40219.1
Project("{E24C65DC-7377-472B-9ABA-BC803B73C61A}") = "WebSite2", ".", "{8329F1DB-967F-4135-AB9E-EB2AAB137689}"
	ProjectSection(WebsiteProperties) = preProject
		TargetFrameworkMoniker = ".NETFramework,Version%3Dv4.7.2"
		Debug.AspNetCompiler.VirtualPath = "/localhost_52905"
		Debug.AspNetCompiler.PhysicalPath = "..\WebSite2\"
		Debug.AspNetCompiler.TargetPath = "PrecompiledWeb\localhost_52905\"
		Debug.AspNetCompiler.Updateable = "true"
		Debug.AspNetCompiler.ForceOverwrite = "true"
		Debug.AspNetCompiler.FixedNames = "false"
		Debug.AspNetCompiler.Debug = "True"
		Release.AspNetCompiler.VirtualPath = "/localhost_52905"
		Release.AspNetCompiler.PhysicalPath = "..\WebSite2\"
		Release.AspNetCompiler.TargetPath = "PrecompiledWeb\localhost_52905\"
		Release.AspNetCompiler.Updateable = "true"
		Release.AspNetCompiler.ForceOverwrite = "true"
		Release.AspNetCompiler.FixedNames = "false"
		Release.AspNetCompiler.Debug = "False"
		VWDPort = "52905"
		SlnRelativePath = "..\WebSite2\"
		DefaultWebSiteLanguage = "Visual C#"
	EndProjectSection
EndProject
Global
	GlobalSection(SolutionConfigurationPlatforms) = preSolution
		Debug|Any CPU = Debug|Any CPU
	EndGlobalSection
	GlobalSection(ProjectConfigurationPlatforms) = postSolution
		{8329F1DB-967F-4135-AB9E-EB2AAB137689}.Debug|Any CPU.ActiveCfg = Debug|Any CPU
		{8329F1DB-967F-4135-AB9E-EB2AAB137689}.Debug|Any CPU.Build.0 = Debug|Any CPU
	EndGlobalSection
	GlobalSection(SolutionProperties) = preSolution
		HideSolutionNode = FALSE
	EndGlobalSection
	GlobalSection(ExtensibilityGlobals) = postSolution
		SolutionGuid = {FF26AA00-401C-448F-9D67-0705099A1A07}
	EndGlobalSection
EndGlobal
